%{"active": {:git, "https://github.com/proger/active", "8a8d2da6b309bbeae96adf45ab1d696172cde3aa", [ref: "HEAD"]},
  "cowboy": {:hex, :cowboy, "1.0.0"},
  "cowlib": {:hex, :cowlib, "1.0.1"},
  "docker_api": {:git, "https://github.com/bradleyd/docker_api.git", "0c46db07933c5f234e5bfa5aa1a15c56b7571eee", []},
  "erldocker": {:git, "https://github.com/Forkk/erldocker.git", "8b3986dac6f0e1629f71b87c38103703798e0348", []},
  "erlfsmon": {:git, "git://github.com/proger/erlfsmon", "12759ab5e531d89768e14078f130daf9e5969749", [ref: "HEAD"]},
  "erlsh": {:git, "https://github.com/proger/erlsh", "a476e9291e27b2bf2712a7f7b6aaaef595403d15", [ref: "HEAD"]},
  "fn": {:git, "https://github.com/reiddraper/fn", "1e8f3f43e5fa6e5e68eb19184fa60d8da5de99d0", [tag: "0.3.0"]},
  "goldrush": {:git, "git://github.com/DeadZen/goldrush.git", "879c69874a555b2c13498aa4a3da6f6bbbb6a031", [tag: "879c69874a"]},
  "hackney": {:hex, :hackney, "1.0.6"},
  "httpoison": {:hex, :httpoison, "0.6.2"},
  "ibrowse": {:git, "git://github.com/cmullaparthi/ibrowse.git", "d2e369ff42666c3574b8b7ec26f69027895c4d94", [tag: "v4.1.1"]},
  "idna": {:hex, :idna, "1.0.2"},
  "json": {:hex, :json, "0.3.2"},
  "jsx": {:git, "https://github.com/talentdeficit/jsx", "d011411c23e9f8c29d98aa1b7a50ddf9709b6a60", [tag: "v1.4.5"]},
  "lager": {:git, "https://github.com/basho/lager", "169cffd94759e99e2e8870b125861a91e3c1482a", [tag: "2.0.0"]},
  "mimetypes": {:git, "https://github.com/spawngrid/mimetypes.git", "47d37a977a7d633199822bf6b08353007483d00f", [ref: "master"]},
  "plug": {:hex, :plug, "0.10.0"},
  "poison": {:hex, :poison, "1.3.1"},
  "ranch": {:hex, :ranch, "1.0.0"},
  "ssl_verify_hostname": {:hex, :ssl_verify_hostname, "1.0.1"},
  "uuid": {:hex, :uuid, "0.1.5"}}
